
Microsoft Visual Studio Solution File, Format Version 12.00
# Visual Studio 15
VisualStudioVersion = 15.0.27130.2036
MinimumVisualStudioVersion = 10.0.40219.1
Project("{9A19103F-16F7-4668-BE54-9A1E7A4F7556}") = "Starter", "Starter\Starter.csproj", "{EE49928E-AF06-4E57-8250-2EC4DB03D76B}"
EndProject
Project("{9A19103F-16F7-4668-BE54-9A1E7A4F7556}") = "StarterTests", "StarterTests\StarterTests.csproj", "{10F58BDD-B9CF-48C6-9622-4BBA47A760EB}"
EndProject
Global
	GlobalSection(SolutionConfigurationPlatforms) = preSolution
		Debug|Any CPU = Debug|Any CPU
		Release|Any CPU = Release|Any CPU
	EndGlobalSection
	GlobalSection(ProjectConfigurationPlatforms) = postSolution
		{EE49928E-AF06-4E57-8250-2EC4DB03D76B}.Debug|Any CPU.ActiveCfg = Debug|Any CPU
		{EE49928E-AF06-4E57-8250-2EC4DB03D76B}.Debug|Any CPU.Build.0 = Debug|Any CPU
		{EE49928E-AF06-4E57-8250-2EC4DB03D76B}.Release|Any CPU.ActiveCfg = Release|Any CPU
		{EE49928E-AF06-4E57-8250-2EC4DB03D76B}.Release|Any CPU.Build.0 = Release|Any CPU
		{10F58BDD-B9CF-48C6-9622-4BBA47A760EB}.Debug|Any CPU.ActiveCfg = Debug|Any CPU
		{10F58BDD-B9CF-48C6-9622-4BBA47A760EB}.Debug|Any CPU.Build.0 = Debug|Any CPU
		{10F58BDD-B9CF-48C6-9622-4BBA47A760EB}.Release|Any CPU.ActiveCfg = Release|Any CPU
		{10F58BDD-B9CF-48C6-9622-4BBA47A760EB}.Release|Any CPU.Build.0 = Release|Any CPU
	EndGlobalSection
	GlobalSection(SolutionProperties) = preSolution
		HideSolutionNode = FALSE
	EndGlobalSection
	GlobalSection(ExtensibilityGlobals) = postSolution
		SolutionGuid = {556A2113-925E-4A84-88B0-3CE738245D8C}
	EndGlobalSection
EndGlobal
